{
  "requires": true,
  "lockfileVersion": 1,
  "dependencies": {
    "@types/i18n": {
      "version": "0.8.3",
      "resolved": "https://registry.npmjs.org/@types/i18n/-/i18n-0.8.3.tgz",
      "integrity": "sha512-JyNZyqamS3jfJ/qTXkAIAtBKlapN5OrEVosdde6LT41Gf209NzXppDVoNkn1pABGZbSnT8dgEgiuTFBIgxweIQ=="
    },
    "@types/xrm": {
      "version": "9.0.10",
      "resolved": "https://registry.npmjs.org/@types/xrm/-/xrm-9.0.10.tgz",
      "integrity": "sha512-JG+nYc3vdSFuX41DVPMmYdyWWLVLeIBUyO7zakeD2uowzzH5r9jgncZIksfQfQ6MVw19QcnsTsoXj9LN7nPPSQ=="
    }
  }
}
